
Microsoft Visual Studio Solution File, Format Version 12.00
# Visual Studio Version 16
VisualStudioVersion = 16.0.31205.134
MinimumVisualStudioVersion = 10.0.40219.1
Project("{9A19103F-16F7-4668-BE54-9A1E7A4F7556}") = "PsuHistory", "PsuHistory\PsuHistory.csproj", "{4AE88544-521D-4AC9-AD15-7BC3C8F39D45}"
EndProject
Project("{2150E333-8FDC-42A3-9474-1A3956D46DE8}") = "API", "API", "{B616024A-15F6-4D77-A7EC-8C3F1153D17A}"
EndProject
Project("{2150E333-8FDC-42A3-9474-1A3956D46DE8}") = "Business Logic", "Business Logic", "{AD2F53C0-2C4C-4FEC-9255-4B070B157829}"
EndProject
Project("{2150E333-8FDC-42A3-9474-1A3956D46DE8}") = "Data access", "Data access", "{E976FF00-502E-49F1-8449-F036AC397D0D}"
EndProject
Project("{9A19103F-16F7-4668-BE54-9A1E7A4F7556}") = "PsuHistory.Data.Domain", "PsuHistory.Data.Domain\PsuHistory.Data.Domain.csproj", "{71BC831D-6F4D-4518-86D6-6D2023359BD2}"
EndProject
Project("{9A19103F-16F7-4668-BE54-9A1E7A4F7556}") = "PsuHistory.Data.EF.SQL", "PsuHistory.Data.EF.SQL\PsuHistory.Data.EF.SQL.csproj", "{1FCF7B02-A2BF-4086-9C00-E87D3060A9CC}"
EndProject
Project("{9A19103F-16F7-4668-BE54-9A1E7A4F7556}") = "PsuHistory.Data.Service", "PsuHistory.Data.Service\PsuHistory.Data.Service.csproj", "{A5BDAE1B-3D34-4273-898E-65B0075FAD66}"
EndProject
Project("{2150E333-8FDC-42A3-9474-1A3956D46DE8}") = "Tests", "Tests", "{9B7A9775-4E35-436B-AF97-75EBB93D6F92}"
EndProject
Project("{9A19103F-16F7-4668-BE54-9A1E7A4F7556}") = "PsuHistory.Data", "PsuHistory.Data\PsuHistory.Data.csproj", "{8E082FCE-A9B0-4A3D-ACED-7405CE020076}"
EndProject
Project("{9A19103F-16F7-4668-BE54-9A1E7A4F7556}") = "PsuHistory.Business.DTO", "PsuHistory.Business.DTO\PsuHistory.Business.DTO.csproj", "{801E9B1C-79CA-4C8D-8BF2-463F227F3E87}"
EndProject
Project("{9A19103F-16F7-4668-BE54-9A1E7A4F7556}") = "PsuHistory.Business.Service", "PsuHistory.Business.Service\PsuHistory.Business.Service.csproj", "{DA017A35-FBFA-4252-8AC7-4993BDDD280C}"
EndProject
Project("{FAE04EC0-301F-11D3-BF4B-00C04F79EFBC}") = "PsuHistory.Resource", "PsuHistory.Resource\PsuHistory.Resource.csproj", "{F233A2C4-7513-4AB1-807C-D143DF21BBA1}"
EndProject
Global
	GlobalSection(SolutionConfigurationPlatforms) = preSolution
		Debug|Any CPU = Debug|Any CPU
		Release|Any CPU = Release|Any CPU
	EndGlobalSection
	GlobalSection(ProjectConfigurationPlatforms) = postSolution
		{4AE88544-521D-4AC9-AD15-7BC3C8F39D45}.Debug|Any CPU.ActiveCfg = Debug|Any CPU
		{4AE88544-521D-4AC9-AD15-7BC3C8F39D45}.Debug|Any CPU.Build.0 = Debug|Any CPU
		{4AE88544-521D-4AC9-AD15-7BC3C8F39D45}.Release|Any CPU.ActiveCfg = Release|Any CPU
		{4AE88544-521D-4AC9-AD15-7BC3C8F39D45}.Release|Any CPU.Build.0 = Release|Any CPU
		{71BC831D-6F4D-4518-86D6-6D2023359BD2}.Debug|Any CPU.ActiveCfg = Debug|Any CPU
		{71BC831D-6F4D-4518-86D6-6D2023359BD2}.Debug|Any CPU.Build.0 = Debug|Any CPU
		{71BC831D-6F4D-4518-86D6-6D2023359BD2}.Release|Any CPU.ActiveCfg = Release|Any CPU
		{71BC831D-6F4D-4518-86D6-6D2023359BD2}.Release|Any CPU.Build.0 = Release|Any CPU
		{1FCF7B02-A2BF-4086-9C00-E87D3060A9CC}.Debug|Any CPU.ActiveCfg = Debug|Any CPU
		{1FCF7B02-A2BF-4086-9C00-E87D3060A9CC}.Debug|Any CPU.Build.0 = Debug|Any CPU
		{1FCF7B02-A2BF-4086-9C00-E87D3060A9CC}.Release|Any CPU.ActiveCfg = Release|Any CPU
		{1FCF7B02-A2BF-4086-9C00-E87D3060A9CC}.Release|Any CPU.Build.0 = Release|Any CPU
		{A5BDAE1B-3D34-4273-898E-65B0075FAD66}.Debug|Any CPU.ActiveCfg = Debug|Any CPU
		{A5BDAE1B-3D34-4273-898E-65B0075FAD66}.Debug|Any CPU.Build.0 = Debug|Any CPU
		{A5BDAE1B-3D34-4273-898E-65B0075FAD66}.Release|Any CPU.ActiveCfg = Release|Any CPU
		{A5BDAE1B-3D34-4273-898E-65B0075FAD66}.Release|Any CPU.Build.0 = Release|Any CPU
		{8E082FCE-A9B0-4A3D-ACED-7405CE020076}.Debug|Any CPU.ActiveCfg = Debug|Any CPU
		{8E082FCE-A9B0-4A3D-ACED-7405CE020076}.Debug|Any CPU.Build.0 = Debug|Any CPU
		{8E082FCE-A9B0-4A3D-ACED-7405CE020076}.Release|Any CPU.ActiveCfg = Release|Any CPU
		{8E082FCE-A9B0-4A3D-ACED-7405CE020076}.Release|Any CPU.Build.0 = Release|Any CPU
		{801E9B1C-79CA-4C8D-8BF2-463F227F3E87}.Debug|Any CPU.ActiveCfg = Debug|Any CPU
		{801E9B1C-79CA-4C8D-8BF2-463F227F3E87}.Debug|Any CPU.Build.0 = Debug|Any CPU
		{801E9B1C-79CA-4C8D-8BF2-463F227F3E87}.Release|Any CPU.ActiveCfg = Release|Any CPU
		{801E9B1C-79CA-4C8D-8BF2-463F227F3E87}.Release|Any CPU.Build.0 = Release|Any CPU
		{DA017A35-FBFA-4252-8AC7-4993BDDD280C}.Debug|Any CPU.ActiveCfg = Debug|Any CPU
		{DA017A35-FBFA-4252-8AC7-4993BDDD280C}.Debug|Any CPU.Build.0 = Debug|Any CPU
		{DA017A35-FBFA-4252-8AC7-4993BDDD280C}.Release|Any CPU.ActiveCfg = Release|Any CPU
		{DA017A35-FBFA-4252-8AC7-4993BDDD280C}.Release|Any CPU.Build.0 = Release|Any CPU
		{F233A2C4-7513-4AB1-807C-D143DF21BBA1}.Debug|Any CPU.ActiveCfg = Debug|Any CPU
		{F233A2C4-7513-4AB1-807C-D143DF21BBA1}.Debug|Any CPU.Build.0 = Debug|Any CPU
		{F233A2C4-7513-4AB1-807C-D143DF21BBA1}.Release|Any CPU.ActiveCfg = Release|Any CPU
		{F233A2C4-7513-4AB1-807C-D143DF21BBA1}.Release|Any CPU.Build.0 = Release|Any CPU
	EndGlobalSection
	GlobalSection(SolutionProperties) = preSolution
		HideSolutionNode = FALSE
	EndGlobalSection
	GlobalSection(NestedProjects) = preSolution
		{4AE88544-521D-4AC9-AD15-7BC3C8F39D45} = {B616024A-15F6-4D77-A7EC-8C3F1153D17A}
		{71BC831D-6F4D-4518-86D6-6D2023359BD2} = {E976FF00-502E-49F1-8449-F036AC397D0D}
		{1FCF7B02-A2BF-4086-9C00-E87D3060A9CC} = {E976FF00-502E-49F1-8449-F036AC397D0D}
		{A5BDAE1B-3D34-4273-898E-65B0075FAD66} = {E976FF00-502E-49F1-8449-F036AC397D0D}
		{8E082FCE-A9B0-4A3D-ACED-7405CE020076} = {9B7A9775-4E35-436B-AF97-75EBB93D6F92}
		{801E9B1C-79CA-4C8D-8BF2-463F227F3E87} = {AD2F53C0-2C4C-4FEC-9255-4B070B157829}
		{DA017A35-FBFA-4252-8AC7-4993BDDD280C} = {AD2F53C0-2C4C-4FEC-9255-4B070B157829}
		{F233A2C4-7513-4AB1-807C-D143DF21BBA1} = {B616024A-15F6-4D77-A7EC-8C3F1153D17A}
	EndGlobalSection
	GlobalSection(ExtensibilityGlobals) = postSolution
		SolutionGuid = {18F49147-BAC5-493E-9C89-1BFEA22C5E99}
	EndGlobalSection
EndGlobal
